{
	"_OFProjectGeneratorVersion": "0.104.0",
	"archiveVersion": "1",
	"classes": {},
	"objectVersion": "54",
	"objects": {
		"134BE83F-62FC-4786-8675-C16AF564AC29": {
			"children": [
				"D0C9BBBD-BD70-469C-88EC-546565977E20"
			],
			"isa": "PBXGroup",
			"name": "steamaudio",
			"path": "steamaudio",
			"sourceTree": "<group>"
		},
		"191CD6FA2847E21E0085CBB6": {
			"fileEncoding": "4",
			"isa": "PBXFileReference",
			"lastKnownFileType": "text.plist.entitlements",
			"path": "of.entitlements",
			"sourceTree": "<group>"
		},
		"191EF70929D778A400F35F26": {
			"isa": "PBXFileReference",
			"lastKnownFileType": "folder",
			"name": "openFrameworks",
			"path": "../../../../libs/openFrameworks",
			"sourceTree": "SOURCE_ROOT"
		},
		"19B789C429E5AB4A0082E9B8": {
			"alwaysOutOfDate": "1",
			"buildActionMask": "2147483647",
			"files": [],
			"inputFileListPaths": [],
			"inputPaths": [],
			"isa": "PBXShellScriptBuildPhase",
			"outputFileListPaths": [],
			"outputPaths": [],
			"runOnlyForDeploymentPostprocessing": "0",
			"shellPath": "/bin/sh",
			"shellScript": "\"$OF_PATH/scripts/osx/xcode_project.sh\"\n",
			"showEnvVarsInLog": "0"
		},
		"2250CCB3-D1E7-4738-937A-D7928F185D97": {
			"children": [
				"4AC12149-1C6B-4615-B36A-F6DDCDFCDD46",
				"4CA78F6E-5A46-4BE7-9587-88C974674DD0"
			],
			"isa": "PBXGroup",
			"name": "ofxSteamAudio",
			"path": "ofxSteamAudio",
			"sourceTree": "<group>"
		},
		"26828612-59BF-4601-A445-B5E97294CBA0": {
			"fileRef": "3C1E7624-0DBD-465F-B050-4FD0E3B8C2C3",
			"isa": "PBXBuildFile"
		},
		"35B33A66-25D1-4994-8A07-AECDDA214B54": {
			"fileEncoding": "4",
			"isa": "PBXFileReference",
			"lastKnownFileType": "sourcecode.cpp.h",
			"name": "phonon_version.h",
			"sourceTree": "<group>"
		},
		"35E38F7A-D11D-4683-9AE7-DE4DA48B96E9": {
			"fileEncoding": "4",
			"isa": "PBXFileReference",
			"lastKnownFileType": "sourcecode.cpp.h",
			"name": "ofxSteamAudioBuffer.h",
			"sourceTree": "<group>"
		},
		"3C1E7624-0DBD-465F-B050-4FD0E3B8C2C3": {
			"fileEncoding": "4",
			"isa": "PBXFileReference",
			"lastKnownFileType": "sourcecode.cpp.cpp",
			"name": "ofxSteamAudioEffects.cpp",
			"sourceTree": "<group>"
		},
		"3C918460-07F2-4B14-87FF-61F79846CDE0": {
			"fileRef": "7234A7D6-D3CC-4C52-85D8-080FB33F88DC",
			"isa": "PBXBuildFile"
		},
		"3EC1FDE8-DE24-4634-A870-749A7B8F84D1": {
			"fileRef": "96669849-59D3-4E47-B2C0-DFAF79A47DCA",
			"isa": "PBXBuildFile"
		},
		"4694DC8A-6A1B-4811-912B-0330B3977DE7": {
			"children": [
				"DE197526-FEE8-423F-90F9-48CEB2FE192D",
				"ACE77173-475C-4E26-8867-5752BA0B4C67",
				"E5954D08-5F53-4EC2-8384-31EB271B4EE4"
			],
			"isa": "PBXGroup",
			"name": "Frameworks",
			"path": "",
			"sourceTree": "SOURCE_ROOT"
		},
		"4AC12149-1C6B-4615-B36A-F6DDCDFCDD46": {
			"children": [
				"134BE83F-62FC-4786-8675-C16AF564AC29"
			],
			"isa": "PBXGroup",
			"name": "libs",
			"path": "libs",
			"sourceTree": "<group>"
		},
		"4CA78F6E-5A46-4BE7-9587-88C974674DD0": {
			"children": [
				"8C12BEEF-B9FD-411F-807A-E0DCBF1E5041",
				"78FF2C88-7BF0-48D2-8410-980307F78B4B",
				"BAF738BD-F695-4C47-8335-80888A0559EC",
				"35E38F7A-D11D-4683-9AE7-DE4DA48B96E9",
				"D6C9FF6E-1871-4417-BAA0-776A46CC8A82",
				"B4EC882E-27ED-4067-BF41-AE6F531DA808",
				"3C1E7624-0DBD-465F-B050-4FD0E3B8C2C3",
				"8A3D3D0B-0DD2-4E5D-8E82-EA8BAF18E98E",
				"7234A7D6-D3CC-4C52-85D8-080FB33F88DC",
				"FC261230-A6D3-4B74-98F1-B8536D4D384E",
				"EB4D5AC7-76C9-46AB-AFAB-69F5F76C2398",
				"AF345DB1-1F22-49B4-A781-4BE8F2B0E012",
				"96669849-59D3-4E47-B2C0-DFAF79A47DCA",
				"B629BA28-D02B-4650-9CC0-129A3EC85992",
				"757FA3AC-6BC7-43C9-9FF0-6EA31877F235"
			],
			"isa": "PBXGroup",
			"name": "src",
			"path": "src",
			"sourceTree": "<group>"
		},
		"5016FD83-D21F-4FC3-A8E1-6144A55A54CA": {
			"fileRef": "E5954D08-5F53-4EC2-8384-31EB271B4EE4",
			"isa": "PBXBuildFile"
		},
		"53775F7D-EDD5-467C-8EE7-DD1FB26E8AE6": {
			"fileRef": "8C12BEEF-B9FD-411F-807A-E0DCBF1E5041",
			"isa": "PBXBuildFile"
		},
		"5C5F3E3E-0CF7-4B05-947D-E90D35F13D0A": {
			"fileRef": "BAF738BD-F695-4C47-8335-80888A0559EC",
			"isa": "PBXBuildFile"
		},
		"695B2FCD-A8F2-49E1-A5B6-F9937A04B098": {
			"fileRef": "ACE77173-475C-4E26-8867-5752BA0B4C67",
			"isa": "PBXBuildFile"
		},
		"6D41373D-60D0-416B-8F13-759AFA2C0222": {
			"fileEncoding": "4",
			"isa": "PBXFileReference",
			"lastKnownFileType": "sourcecode.cpp.h",
			"name": "phonon_interfaces.h",
			"sourceTree": "<group>"
		},
		"7234A7D6-D3CC-4C52-85D8-080FB33F88DC": {
			"fileEncoding": "4",
			"isa": "PBXFileReference",
			"lastKnownFileType": "sourcecode.cpp.cpp",
			"name": "ofxSteamAudioHRTF.cpp",
			"sourceTree": "<group>"
		},
		"757FA3AC-6BC7-43C9-9FF0-6EA31877F235": {
			"fileEncoding": "4",
			"isa": "PBXFileReference",
			"lastKnownFileType": "sourcecode.cpp.h",
			"name": "ofxSteamAudioUtils.h",
			"sourceTree": "<group>"
		},
		"78FF2C88-7BF0-48D2-8410-980307F78B4B": {
			"fileEncoding": "4",
			"isa": "PBXFileReference",
			"lastKnownFileType": "sourcecode.cpp.h",
			"name": "ofxSteamAudio.h",
			"sourceTree": "<group>"
		},
		"7B8458C1-F838-4903-92BF-3E5E2F750838": {
			"fileEncoding": "4",
			"isa": "PBXFileReference",
			"lastKnownFileType": "folder",
			"name": "data",
			"path": "bin/data",
			"sourceTree": "SOURCE_ROOT"
		},
		"8A3D3D0B-0DD2-4E5D-8E82-EA8BAF18E98E": {
			"fileEncoding": "4",
			"isa": "PBXFileReference",
			"lastKnownFileType": "sourcecode.cpp.h",
			"name": "ofxSteamAudioEffects.h",
			"sourceTree": "<group>"
		},
		"8C12BEEF-B9FD-411F-807A-E0DCBF1E5041": {
			"fileEncoding": "4",
			"isa": "PBXFileReference",
			"lastKnownFileType": "sourcecode.cpp.cpp",
			"name": "ofxSteamAudio.cpp",
			"sourceTree": "<group>"
		},
		"96669849-59D3-4E47-B2C0-DFAF79A47DCA": {
			"fileEncoding": "4",
			"isa": "PBXFileReference",
			"lastKnownFileType": "sourcecode.cpp.cpp",
			"name": "ofxSteamAudioSimulator.cpp",
			"sourceTree": "<group>"
		},
		"ACE77173-475C-4E26-8867-5752BA0B4C67": {
			"fileEncoding": "4",
			"isa": "PBXFileReference",
			"lastKnownFileType": "wrapper.framework",
			"name": "AudioToolbox.framework",
			"path": "System/Library/Frameworks/AudioToolbox.framework",
			"sourceTree": "SDKROOT"
		},
		"AF345DB1-1F22-49B4-A781-4BE8F2B0E012": {
			"fileEncoding": "4",
			"isa": "PBXFileReference",
			"lastKnownFileType": "sourcecode.cpp.h",
			"name": "ofxSteamAudioScene.h",
			"sourceTree": "<group>"
		},
		"B4EC882E-27ED-4067-BF41-AE6F531DA808": {
			"fileEncoding": "4",
			"isa": "PBXFileReference",
			"lastKnownFileType": "sourcecode.cpp.h",
			"name": "ofxSteamAudioContext.h",
			"sourceTree": "<group>"
		},
		"B629BA28-D02B-4650-9CC0-129A3EC85992": {
			"fileEncoding": "4",
			"isa": "PBXFileReference",
			"lastKnownFileType": "sourcecode.cpp.h",
			"name": "ofxSteamAudioSimulator.h",
			"sourceTree": "<group>"
		},
		"BAF738BD-F695-4C47-8335-80888A0559EC": {
			"fileEncoding": "4",
			"isa": "PBXFileReference",
			"lastKnownFileType": "sourcecode.cpp.cpp",
			"name": "ofxSteamAudioBuffer.cpp",
			"sourceTree": "<group>"
		},
		"BB4B014C10F69532006C3DED": {
			"children": [
				"2250CCB3-D1E7-4738-937A-D7928F185D97"
			],
			"isa": "PBXGroup",
			"name": "addons",
			"path": "../../../../addons",
			"sourceTree": "SOURCE_ROOT"
		},
		"CE367508-52F0-410D-A12D-7A0DDE565238": {
			"fileRef": "DE197526-FEE8-423F-90F9-48CEB2FE192D",
			"isa": "PBXBuildFile"
		},
		"D0C9BBBD-BD70-469C-88EC-546565977E20": {
			"children": [
				"E7CBAF0F-0443-40E0-9A18-2682D67FA3FB",
				"6D41373D-60D0-416B-8F13-759AFA2C0222",
				"35B33A66-25D1-4994-8A07-AECDDA214B54"
			],
			"isa": "PBXGroup",
			"name": "include",
			"path": "include",
			"sourceTree": "<group>"
		},
		"D1C259AA-2A06-4612-BC0A-26CFEA34F786": {
			"fileRef": "D6C9FF6E-1871-4417-BAA0-776A46CC8A82",
			"isa": "PBXBuildFile"
		},
		"D6C9FF6E-1871-4417-BAA0-776A46CC8A82": {
			"fileEncoding": "4",
			"isa": "PBXFileReference",
			"lastKnownFileType": "sourcecode.cpp.cpp",
			"name": "ofxSteamAudioContext.cpp",
			"sourceTree": "<group>"
		},
		"DE197526-FEE8-423F-90F9-48CEB2FE192D": {
			"fileEncoding": "4",
			"isa": "PBXFileReference",
			"lastKnownFileType": "wrapper.framework",
			"name": "Accelerate.framework",
			"path": "System/Library/Frameworks/Accelerate.framework",
			"sourceTree": "SDKROOT"
		},
		"E42962A92163ECCD00A6A9E2": {
			"alwaysOutOfDate": "1",
			"buildActionMask": "2147483647",
			"files": [],
			"inputPaths": [],
			"isa": "PBXShellScriptBuildPhase",
			"name": "Run Script — Compile OF",
			"outputPaths": [],
			"runOnlyForDeploymentPostprocessing": "0",
			"shellPath": "/bin/sh",
			"shellScript": "$OF_CORE_BUILD_COMMAND\n",
			"showEnvVarsInLog": "0"
		},
		"E4A5B60F29BAAAE400C2D356": {
			"buildActionMask": "2147483647",
			"dstPath": "",
			"dstSubfolderSpec": "6",
			"files": [],
			"isa": "PBXCopyFilesBuildPhase",
			"runOnlyForDeploymentPostprocessing": "0"
		},
		"E4B69B4A0A3A1720003C02F2": {
			"children": [
				"191CD6FA2847E21E0085CBB6",
				"E4B6FCAD0C3E899E008CF71C",
				"E4EB6923138AFD0F00A09F29",
				"E4B69E1C0A3A1BDC003C02F2",
				"191EF70929D778A400F35F26",
				"BB4B014C10F69532006C3DED",
				"E4B69B5B0A3A1756003C02F2",
				"4694DC8A-6A1B-4811-912B-0330B3977DE7",
				"7B8458C1-F838-4903-92BF-3E5E2F750838"
			],
			"isa": "PBXGroup",
			"sourceTree": "<group>"
		},
		"E4B69B4C0A3A1720003C02F2": {
			"attributes": {
				"BuildIndependentTargetsInParallel": "YES",
				"LastUpgradeCheck": "1540"
			},
			"buildConfigurationList": "E4B69B4D0A3A1720003C02F2",
			"compatibilityVersion": "Xcode 3.2",
			"developmentRegion": "en",
			"hasScannedForEncodings": "0",
			"isa": "PBXProject",
			"knownRegions": [
				"en",
				"Base"
			],
			"mainGroup": "E4B69B4A0A3A1720003C02F2",
			"productRefGroup": "E4B69B4A0A3A1720003C02F2",
			"projectDirPath": "",
			"projectRoot": "",
			"targets": [
				"E4B69B5A0A3A1756003C02F2"
			]
		},
		"E4B69B4D0A3A1720003C02F2": {
			"buildConfigurations": [
				"E4B69B4E0A3A1720003C02F2",
				"E4B69B4F0A3A1720003C02F2"
			],
			"defaultConfigurationIsVisible": "0",
			"defaultConfigurationName": "Release",
			"isa": "XCConfigurationList"
		},
		"E4B69B4E0A3A1720003C02F2": {
			"baseConfigurationReference": "E4EB6923138AFD0F00A09F29",
			"buildSettings": {
				"CODE_SIGN_ENTITLEMENTS": "of.entitlements",
				"COPY_PHASE_STRIP": "NO",
				"ENABLE_TESTABILITY": "YES",
				"GCC_OPTIMIZATION_LEVEL": "0",
				"GCC_WARN_UNUSED_VARIABLE": "NO",
				"HEADER_SEARCH_PATHS": [
					"$(OF_CORE_HEADERS)",
					"src"
				],
				"OTHER_CPLUSPLUSFLAGS": "-D__MACOSX_CORE__"
			},
			"isa": "XCBuildConfiguration",
			"name": "Debug"
		},
		"E4B69B4F0A3A1720003C02F2": {
			"baseConfigurationReference": "E4EB6923138AFD0F00A09F29",
			"buildSettings": {
				"CODE_SIGN_ENTITLEMENTS": "of.entitlements",
				"COPY_PHASE_STRIP": "YES",
				"GCC_OPTIMIZATION_LEVEL": "3",
				"GCC_UNROLL_LOOPS": "YES",
				"HEADER_SEARCH_PATHS": [
					"$(OF_CORE_HEADERS)",
					"src"
				],
				"OTHER_CPLUSPLUSFLAGS": "-D__MACOSX_CORE__"
			},
			"isa": "XCBuildConfiguration",
			"name": "Release"
		},
		"E4B69B580A3A1756003C02F2": {
			"buildActionMask": "2147483647",
			"files": [
				"E4B69E200A3A1BDC003C02F2",
				"E4B69E210A3A1BDC003C02F2",
				"53775F7D-EDD5-467C-8EE7-DD1FB26E8AE6",
				"5C5F3E3E-0CF7-4B05-947D-E90D35F13D0A",
				"D1C259AA-2A06-4612-BC0A-26CFEA34F786",
				"26828612-59BF-4601-A445-B5E97294CBA0",
				"3C918460-07F2-4B14-87FF-61F79846CDE0",
				"F99E1E8D-D6A3-4169-B3CC-74D9DF12FD3A",
				"3EC1FDE8-DE24-4634-A870-749A7B8F84D1"
			],
			"isa": "PBXSourcesBuildPhase",
			"runOnlyForDeploymentPostprocessing": "0"
		},
		"E4B69B590A3A1756003C02F2": {
			"buildActionMask": "2147483647",
			"files": [
				"CE367508-52F0-410D-A12D-7A0DDE565238",
				"695B2FCD-A8F2-49E1-A5B6-F9937A04B098",
				"5016FD83-D21F-4FC3-A8E1-6144A55A54CA"
			],
			"isa": "PBXFrameworksBuildPhase",
			"runOnlyForDeploymentPostprocessing": "0"
		},
		"E4B69B5A0A3A1756003C02F2": {
			"buildConfigurationList": "E4B69B5F0A3A1757003C02F2",
			"buildPhases": [
				"E42962A92163ECCD00A6A9E2",
				"E4B69B580A3A1756003C02F2",
				"E4B69B590A3A1756003C02F2",
				"E4C2427710CC5ABF004149E2",
				"E4A5B60F29BAAAE400C2D356",
				"19B789C429E5AB4A0082E9B8"
			],
			"buildRules": [],
			"dependencies": [],
			"isa": "PBXNativeTarget",
			"name": "example-reflections",
			"productName": "myOFApp",
			"productReference": "E4B69B5B0A3A1756003C02F2",
			"productType": "com.apple.product-type.application"
		},
		"E4B69B5B0A3A1756003C02F2": {
			"explicitFileType": "wrapper.application",
			"includeInIndex": "0",
			"isa": "PBXFileReference",
			"path": "example-reflectionsDebug.app",
			"sourceTree": "BUILT_PRODUCTS_DIR"
		},
		"E4B69B5F0A3A1757003C02F2": {
			"buildConfigurations": [
				"E4B69B600A3A1757003C02F2",
				"E4B69B610A3A1757003C02F2"
			],
			"defaultConfigurationIsVisible": "0",
			"defaultConfigurationName": "Release",
			"isa": "XCConfigurationList"
		},
		"E4B69B600A3A1757003C02F2": {
			"baseConfigurationReference": "E4EB6923138AFD0F00A09F29",
			"buildSettings": {
				"ARCHS": "$(ARCHS_STANDARD)",
				"COPY_PHASE_STRIP": "NO",
				"FRAMEWORK_SEARCH_PATHS": "$(inherited)",
				"GCC_DYNAMIC_NO_PIC": "NO",
				"HEADER_SEARCH_PATHS": [
					"$(OF_CORE_HEADERS)",
					"src",
					"src",
					"../../libs/steamaudio/include",
					"../../src"
				],
				"LIBRARY_SEARCH_PATHS": "$(inherited)",
				"OTHER_LDFLAGS": [
					"$(OF_CORE_LIBS)",
					"$(OF_CORE_FRAMEWORKS)",
					"$(LIB_OF_DEBUG)",
					"../../libs/steamaudio/lib/osx/libphonon.a",
					"../../libs/steamaudio/lib/osx/libmysofa.a",
					"../../libs/steamaudio/lib/osx/libpffft.a",
					"-lz"
				]
			},
			"isa": "XCBuildConfiguration",
			"name": "Debug"
		},
		"E4B69B610A3A1757003C02F2": {
			"baseConfigurationReference": "E4EB6923138AFD0F00A09F29",
			"buildSettings": {
				"ARCHS": "$(ARCHS_STANDARD)",
				"COPY_PHASE_STRIP": "YES",
				"FRAMEWORK_SEARCH_PATHS": "$(inherited)",
				"HEADER_SEARCH_PATHS": [
					"$(OF_CORE_HEADERS)",
					"src",
					"src",
					"../../libs/steamaudio/include",
					"../../src"
				],
				"LIBRARY_SEARCH_PATHS": "$(inherited)",
				"OTHER_LDFLAGS": [
					"$(OF_CORE_LIBS)",
					"$(OF_CORE_FRAMEWORKS)",
					"$(LIB_OF_RELEASE)",
					"../../libs/steamaudio/lib/osx/libphonon.a",
					"../../libs/steamaudio/lib/osx/libmysofa.a",
					"../../libs/steamaudio/lib/osx/libpffft.a",
					"-lz"
				],
				"baseConfigurationReference": "E4EB6923138AFD0F00A09F29"
			},
			"isa": "XCBuildConfiguration",
			"name": "Release"
		},
		"E4B69E1C0A3A1BDC003C02F2": {
			"children": [
				"E4B69E1D0A3A1BDC003C02F2",
				"E4B69E1E0A3A1BDC003C02F2",
				"E4B69E1F0A3A1BDC003C02F2"
			],
			"isa": "PBXGroup",
			"path": "src",
			"sourceTree": "SOURCE_ROOT"
		},
		"E4B69E1D0A3A1BDC003C02F2": {
			"fileEncoding": "4",
			"isa": "PBXFileReference",
			"lastKnownFileType": "sourcecode.cpp.cpp",
			"name": "main.cpp",
			"path": "src/main.cpp",
			"sourceTree": "SOURCE_ROOT"
		},
		"E4B69E1E0A3A1BDC003C02F2": {
			"explicitFileType": "sourcecode.cpp.cpp",
			"fileEncoding": "4",
			"isa": "PBXFileReference",
			"name": "ofApp.cpp",
			"path": "src/ofApp.cpp",
			"sourceTree": "SOURCE_ROOT"
		},
		"E4B69E1F0A3A1BDC003C02F2": {
			"fileEncoding": "4",
			"isa": "PBXFileReference",
			"lastKnownFileType": "sourcecode.c.h",
			"name": "ofApp.h",
			"path": "src/ofApp.h",
			"sourceTree": "SOURCE_ROOT"
		},
		"E4B69E200A3A1BDC003C02F2": {
			"fileRef": "E4B69E1D0A3A1BDC003C02F2",
			"isa": "PBXBuildFile"
		},
		"E4B69E210A3A1BDC003C02F2": {
			"fileRef": "E4B69E1E0A3A1BDC003C02F2",
			"isa": "PBXBuildFile"
		},
		"E4B6FCAD0C3E899E008CF71C": {
			"fileEncoding": "4",
			"isa": "PBXFileReference",
			"lastKnownFileType": "text.plist.xml",
			"path": "openFrameworks-Info.plist",
			"sourceTree": "<group>"
		},
		"E4C2427710CC5ABF004149E2": {
			"buildActionMask": "2147483647",
			"dstPath": "",
			"dstSubfolderSpec": "10",
			"files": [],
			"isa": "PBXCopyFilesBuildPhase",
			"runOnlyForDeploymentPostprocessing": "0"
		},
		"E4EB6923138AFD0F00A09F29": {
			"fileEncoding": "4",
			"isa": "PBXFileReference",
			"lastKnownFileType": "text.xcconfig",
			"path": "Project.xcconfig",
			"sourceTree": "<group>"
		},
		"E5954D08-5F53-4EC2-8384-31EB271B4EE4": {
			"fileEncoding": "4",
			"isa": "PBXFileReference",
			"lastKnownFileType": "wrapper.framework",
			"name": "CoreAudio.framework",
			"path": "System/Library/Frameworks/CoreAudio.framework",
			"sourceTree": "SDKROOT"
		},
		"E7CBAF0F-0443-40E0-9A18-2682D67FA3FB": {
			"fileEncoding": "4",
			"isa": "PBXFileReference",
			"lastKnownFileType": "sourcecode.cpp.h",
			"name": "phonon.h",
			"sourceTree": "<group>"
		},
		"EB4D5AC7-76C9-46AB-AFAB-69F5F76C2398": {
			"fileEncoding": "4",
			"isa": "PBXFileReference",
			"lastKnownFileType": "sourcecode.cpp.cpp",
			"name": "ofxSteamAudioScene.cpp",
			"sourceTree": "<group>"
		},
		"F99E1E8D-D6A3-4169-B3CC-74D9DF12FD3A": {
			"fileRef": "EB4D5AC7-76C9-46AB-AFAB-69F5F76C2398",
			"isa": "PBXBuildFile"
		},
		"FC261230-A6D3-4B74-98F1-B8536D4D384E": {
			"fileEncoding": "4",
			"isa": "PBXFileReference",
			"lastKnownFileType": "sourcecode.cpp.h",
			"name": "ofxSteamAudioHRTF.h",
			"sourceTree": "<group>"
		}
	},
	"rootObject": "E4B69B4C0A3A1720003C02F2"
}