{
	"_OFProjectGeneratorVersion": "0.104.0",
	"archiveVersion": "1",
	"classes": {},
	"objectVersion": "54",
	"objects": {
		"00E7D664-8231-4FB8-8106-F3DD3CFECC85": {
			"children": [
				"890E5984-7A23-4EE6-A455-072305E787A9",
				"F3409CA9-5B4E-4FA1-8DE5-6D31ADDFEA80",
				"659B2249-0B63-464D-B680-34A3381D02E9",
				"15C32BF8-FD96-4F0C-8D8E-4E041CD029FC",
				"F3285BE0-E9C2-474D-B5F3-6B1EFA5AAC88",
				"F45D7F3F-6E88-425F-9F06-69AD2D1A7BE0",
				"59000ED5-5956-467C-928C-7D284EDD28F7",
				"28134E91-5FB1-4878-8259-B61E0EF1E89C",
				"51EE210B-3C4E-4B3F-B544-A77CA85EF82B",
				"DBCDE767-24B1-43D2-8900-310A916FF447",
				"FFAF3A87-E818-49F1-9B93-138CADBF4ADA",
				"0B4B24E4-16DC-4E74-A908-855BFBB39322",
				"632A1572-EBDD-47A0-B4B3-C923E11330AA",
				"511F6EE0-7845-452D-A81D-9D210B295E30",
				"27C844BF-5E48-41F8-99D3-1846AF4E3075"
			],
			"isa": "PBXGroup",
			"name": "src",
			"path": "src",
			"sourceTree": "<group>"
		},
		"0B4B24E4-16DC-4E74-A908-855BFBB39322": {
			"fileEncoding": "4",
			"isa": "PBXFileReference",
			"lastKnownFileType": "sourcecode.cpp.h",
			"name": "ofxSteamAudioScene.h",
			"sourceTree": "<group>"
		},
		"0FCE5AB4-8840-430B-89DA-092FA0B3236C": {
			"fileRef": "890E5984-7A23-4EE6-A455-072305E787A9",
			"isa": "PBXBuildFile"
		},
		"15C32BF8-FD96-4F0C-8D8E-4E041CD029FC": {
			"fileEncoding": "4",
			"isa": "PBXFileReference",
			"lastKnownFileType": "sourcecode.cpp.h",
			"name": "ofxSteamAudioBuffer.h",
			"sourceTree": "<group>"
		},
		"167B5010-81E5-4FF6-A676-F8FE29F1DBF8": {
			"children": [
				"B3439BD8-77EE-472D-A438-E3E41910F26F"
			],
			"isa": "PBXGroup",
			"name": "libs",
			"path": "libs",
			"sourceTree": "<group>"
		},
		"17A460BF-D6DF-467E-AA4C-29BD87511AC8": {
			"fileEncoding": "4",
			"isa": "PBXFileReference",
			"lastKnownFileType": "wrapper.framework",
			"name": "CoreAudio.framework",
			"path": "System/Library/Frameworks/CoreAudio.framework",
			"sourceTree": "SDKROOT"
		},
		"191CD6FA2847E21E0085CBB6": {
			"fileEncoding": "4",
			"isa": "PBXFileReference",
			"lastKnownFileType": "text.plist.entitlements",
			"path": "of.entitlements",
			"sourceTree": "<group>"
		},
		"191EF70929D778A400F35F26": {
			"isa": "PBXFileReference",
			"lastKnownFileType": "folder",
			"name": "openFrameworks",
			"path": "../../../../libs/openFrameworks",
			"sourceTree": "SOURCE_ROOT"
		},
		"19B789C429E5AB4A0082E9B8": {
			"alwaysOutOfDate": "1",
			"buildActionMask": "2147483647",
			"files": [],
			"inputFileListPaths": [],
			"inputPaths": [],
			"isa": "PBXShellScriptBuildPhase",
			"outputFileListPaths": [],
			"outputPaths": [],
			"runOnlyForDeploymentPostprocessing": "0",
			"shellPath": "/bin/sh",
			"shellScript": "\"$OF_PATH/scripts/osx/xcode_project.sh\"\n",
			"showEnvVarsInLog": "0"
		},
		"2655157D-8526-4063-B40F-3CED9407F940": {
			"fileEncoding": "4",
			"isa": "PBXFileReference",
			"lastKnownFileType": "folder",
			"name": "data",
			"path": "bin/data",
			"sourceTree": "SOURCE_ROOT"
		},
		"27C844BF-5E48-41F8-99D3-1846AF4E3075": {
			"fileEncoding": "4",
			"isa": "PBXFileReference",
			"lastKnownFileType": "sourcecode.cpp.h",
			"name": "ofxSteamAudioUtils.h",
			"sourceTree": "<group>"
		},
		"28134E91-5FB1-4878-8259-B61E0EF1E89C": {
			"fileEncoding": "4",
			"isa": "PBXFileReference",
			"lastKnownFileType": "sourcecode.cpp.h",
			"name": "ofxSteamAudioEffects.h",
			"sourceTree": "<group>"
		},
		"2FDBBAB5-4A0D-4275-B2D3-E470BBA102EE": {
			"children": [
				"88A4DF20-7A6D-40DD-9D93-2D80F2247FF8",
				"698F9C0F-682A-46B6-A48A-8720FF82E682",
				"922C6E24-4701-4E06-BC45-CF190E1C76B7"
			],
			"isa": "PBXGroup",
			"name": "include",
			"path": "include",
			"sourceTree": "<group>"
		},
		"3E2A59E5-ACDC-4201-97F9-D58A1A055C18": {
			"children": [
				"167B5010-81E5-4FF6-A676-F8FE29F1DBF8",
				"00E7D664-8231-4FB8-8106-F3DD3CFECC85"
			],
			"isa": "PBXGroup",
			"name": "ofxSteamAudio",
			"path": "ofxSteamAudio",
			"sourceTree": "<group>"
		},
		"511F6EE0-7845-452D-A81D-9D210B295E30": {
			"fileEncoding": "4",
			"isa": "PBXFileReference",
			"lastKnownFileType": "sourcecode.cpp.h",
			"name": "ofxSteamAudioSimulator.h",
			"sourceTree": "<group>"
		},
		"51EE210B-3C4E-4B3F-B544-A77CA85EF82B": {
			"fileEncoding": "4",
			"isa": "PBXFileReference",
			"lastKnownFileType": "sourcecode.cpp.cpp",
			"name": "ofxSteamAudioHRTF.cpp",
			"sourceTree": "<group>"
		},
		"5502419B-C54E-4796-BB03-01A30EB70259": {
			"fileRef": "632A1572-EBDD-47A0-B4B3-C923E11330AA",
			"isa": "PBXBuildFile"
		},
		"59000ED5-5956-467C-928C-7D284EDD28F7": {
			"fileEncoding": "4",
			"isa": "PBXFileReference",
			"lastKnownFileType": "sourcecode.cpp.cpp",
			"name": "ofxSteamAudioEffects.cpp",
			"sourceTree": "<group>"
		},
		"632A1572-EBDD-47A0-B4B3-C923E11330AA": {
			"fileEncoding": "4",
			"isa": "PBXFileReference",
			"lastKnownFileType": "sourcecode.cpp.cpp",
			"name": "ofxSteamAudioSimulator.cpp",
			"sourceTree": "<group>"
		},
		"659B2249-0B63-464D-B680-34A3381D02E9": {
			"fileEncoding": "4",
			"isa": "PBXFileReference",
			"lastKnownFileType": "sourcecode.cpp.cpp",
			"name": "ofxSteamAudioBuffer.cpp",
			"sourceTree": "<group>"
		},
		"698F9C0F-682A-46B6-A48A-8720FF82E682": {
			"fileEncoding": "4",
			"isa": "PBXFileReference",
			"lastKnownFileType": "sourcecode.cpp.h",
			"name": "phonon_interfaces.h",
			"sourceTree": "<group>"
		},
		"6EA2062E-01C9-4D6E-BA43-27A69DCDFCCA": {
			"children": [
				"87712555-EC63-49AE-B6A7-03C1565ED307",
				"E542B1DE-84A6-4EA0-B947-3A99866038B1",
				"17A460BF-D6DF-467E-AA4C-29BD87511AC8"
			],
			"isa": "PBXGroup",
			"name": "Frameworks",
			"path": "",
			"sourceTree": "SOURCE_ROOT"
		},
		"7046B8BF-2C07-40B3-9B12-323B9E2C0D50": {
			"fileRef": "51EE210B-3C4E-4B3F-B544-A77CA85EF82B",
			"isa": "PBXBuildFile"
		},
		"87712555-EC63-49AE-B6A7-03C1565ED307": {
			"fileEncoding": "4",
			"isa": "PBXFileReference",
			"lastKnownFileType": "wrapper.framework",
			"name": "Accelerate.framework",
			"path": "System/Library/Frameworks/Accelerate.framework",
			"sourceTree": "SDKROOT"
		},
		"88A4DF20-7A6D-40DD-9D93-2D80F2247FF8": {
			"fileEncoding": "4",
			"isa": "PBXFileReference",
			"lastKnownFileType": "sourcecode.cpp.h",
			"name": "phonon.h",
			"sourceTree": "<group>"
		},
		"890E5984-7A23-4EE6-A455-072305E787A9": {
			"fileEncoding": "4",
			"isa": "PBXFileReference",
			"lastKnownFileType": "sourcecode.cpp.cpp",
			"name": "ofxSteamAudio.cpp",
			"sourceTree": "<group>"
		},
		"8E0422AF-91B8-496B-A7AD-2DAB1F736FFA": {
			"fileRef": "87712555-EC63-49AE-B6A7-03C1565ED307",
			"isa": "PBXBuildFile"
		},
		"922C6E24-4701-4E06-BC45-CF190E1C76B7": {
			"fileEncoding": "4",
			"isa": "PBXFileReference",
			"lastKnownFileType": "sourcecode.cpp.h",
			"name": "phonon_version.h",
			"sourceTree": "<group>"
		},
		"B3439BD8-77EE-472D-A438-E3E41910F26F": {
			"children": [
				"2FDBBAB5-4A0D-4275-B2D3-E470BBA102EE"
			],
			"isa": "PBXGroup",
			"name": "steamaudio",
			"path": "steamaudio",
			"sourceTree": "<group>"
		},
		"BB4B014C10F69532006C3DED": {
			"children": [
				"3E2A59E5-ACDC-4201-97F9-D58A1A055C18"
			],
			"isa": "PBXGroup",
			"name": "addons",
			"path": "../../../../addons",
			"sourceTree": "SOURCE_ROOT"
		},
		"C3481AAA-4046-4909-86A9-73E07B94D79C": {
			"fileRef": "E542B1DE-84A6-4EA0-B947-3A99866038B1",
			"isa": "PBXBuildFile"
		},
		"C6EF701D-169F-4392-BE17-A40227FE698A": {
			"fileRef": "659B2249-0B63-464D-B680-34A3381D02E9",
			"isa": "PBXBuildFile"
		},
		"D9221874-92E4-4ACE-917E-908FBF3BE537": {
			"fileRef": "FFAF3A87-E818-49F1-9B93-138CADBF4ADA",
			"isa": "PBXBuildFile"
		},
		"DBCDE767-24B1-43D2-8900-310A916FF447": {
			"fileEncoding": "4",
			"isa": "PBXFileReference",
			"lastKnownFileType": "sourcecode.cpp.h",
			"name": "ofxSteamAudioHRTF.h",
			"sourceTree": "<group>"
		},
		"DC68D356-B7B5-4A8A-98E7-CF0F1D4E2FAA": {
			"fileRef": "17A460BF-D6DF-467E-AA4C-29BD87511AC8",
			"isa": "PBXBuildFile"
		},
		"E42962A92163ECCD00A6A9E2": {
			"alwaysOutOfDate": "1",
			"buildActionMask": "2147483647",
			"files": [],
			"inputPaths": [],
			"isa": "PBXShellScriptBuildPhase",
			"name": "Run Script — Compile OF",
			"outputPaths": [],
			"runOnlyForDeploymentPostprocessing": "0",
			"shellPath": "/bin/sh",
			"shellScript": "$OF_CORE_BUILD_COMMAND\n",
			"showEnvVarsInLog": "0"
		},
		"E4A5B60F29BAAAE400C2D356": {
			"buildActionMask": "2147483647",
			"dstPath": "",
			"dstSubfolderSpec": "6",
			"files": [],
			"isa": "PBXCopyFilesBuildPhase",
			"runOnlyForDeploymentPostprocessing": "0"
		},
		"E4B69B4A0A3A1720003C02F2": {
			"children": [
				"191CD6FA2847E21E0085CBB6",
				"E4B6FCAD0C3E899E008CF71C",
				"E4EB6923138AFD0F00A09F29",
				"E4B69E1C0A3A1BDC003C02F2",
				"191EF70929D778A400F35F26",
				"BB4B014C10F69532006C3DED",
				"E4B69B5B0A3A1756003C02F2",
				"6EA2062E-01C9-4D6E-BA43-27A69DCDFCCA",
				"2655157D-8526-4063-B40F-3CED9407F940"
			],
			"isa": "PBXGroup",
			"sourceTree": "<group>"
		},
		"E4B69B4C0A3A1720003C02F2": {
			"attributes": {
				"BuildIndependentTargetsInParallel": "YES",
				"LastUpgradeCheck": "1540"
			},
			"buildConfigurationList": "E4B69B4D0A3A1720003C02F2",
			"compatibilityVersion": "Xcode 3.2",
			"developmentRegion": "en",
			"hasScannedForEncodings": "0",
			"isa": "PBXProject",
			"knownRegions": [
				"en",
				"Base"
			],
			"mainGroup": "E4B69B4A0A3A1720003C02F2",
			"productRefGroup": "E4B69B4A0A3A1720003C02F2",
			"projectDirPath": "",
			"projectRoot": "",
			"targets": [
				"E4B69B5A0A3A1756003C02F2"
			]
		},
		"E4B69B4D0A3A1720003C02F2": {
			"buildConfigurations": [
				"E4B69B4E0A3A1720003C02F2",
				"E4B69B4F0A3A1720003C02F2"
			],
			"defaultConfigurationIsVisible": "0",
			"defaultConfigurationName": "Release",
			"isa": "XCConfigurationList"
		},
		"E4B69B4E0A3A1720003C02F2": {
			"baseConfigurationReference": "E4EB6923138AFD0F00A09F29",
			"buildSettings": {
				"CODE_SIGN_ENTITLEMENTS": "of.entitlements",
				"COPY_PHASE_STRIP": "NO",
				"ENABLE_TESTABILITY": "YES",
				"GCC_OPTIMIZATION_LEVEL": "0",
				"GCC_WARN_UNUSED_VARIABLE": "NO",
				"HEADER_SEARCH_PATHS": [
					"$(OF_CORE_HEADERS)",
					"src"
				],
				"OTHER_CPLUSPLUSFLAGS": "-D__MACOSX_CORE__"
			},
			"isa": "XCBuildConfiguration",
			"name": "Debug"
		},
		"E4B69B4F0A3A1720003C02F2": {
			"baseConfigurationReference": "E4EB6923138AFD0F00A09F29",
			"buildSettings": {
				"CODE_SIGN_ENTITLEMENTS": "of.entitlements",
				"COPY_PHASE_STRIP": "YES",
				"GCC_OPTIMIZATION_LEVEL": "3",
				"GCC_UNROLL_LOOPS": "YES",
				"HEADER_SEARCH_PATHS": [
					"$(OF_CORE_HEADERS)",
					"src"
				],
				"OTHER_CPLUSPLUSFLAGS": "-D__MACOSX_CORE__"
			},
			"isa": "XCBuildConfiguration",
			"name": "Release"
		},
		"E4B69B580A3A1756003C02F2": {
			"buildActionMask": "2147483647",
			"files": [
				"E4B69E200A3A1BDC003C02F2",
				"E4B69E210A3A1BDC003C02F2",
				"0FCE5AB4-8840-430B-89DA-092FA0B3236C",
				"C6EF701D-169F-4392-BE17-A40227FE698A",
				"EEF693C2-96A1-4C1C-8A56-D46EA869FF1A",
				"F5EF0299-144A-4AB9-B535-1EA7A7B25BF2",
				"7046B8BF-2C07-40B3-9B12-323B9E2C0D50",
				"D9221874-92E4-4ACE-917E-908FBF3BE537",
				"5502419B-C54E-4796-BB03-01A30EB70259"
			],
			"isa": "PBXSourcesBuildPhase",
			"runOnlyForDeploymentPostprocessing": "0"
		},
		"E4B69B590A3A1756003C02F2": {
			"buildActionMask": "2147483647",
			"files": [
				"8E0422AF-91B8-496B-A7AD-2DAB1F736FFA",
				"C3481AAA-4046-4909-86A9-73E07B94D79C",
				"DC68D356-B7B5-4A8A-98E7-CF0F1D4E2FAA"
			],
			"isa": "PBXFrameworksBuildPhase",
			"runOnlyForDeploymentPostprocessing": "0"
		},
		"E4B69B5A0A3A1756003C02F2": {
			"buildConfigurationList": "E4B69B5F0A3A1757003C02F2",
			"buildPhases": [
				"E42962A92163ECCD00A6A9E2",
				"E4B69B580A3A1756003C02F2",
				"E4B69B590A3A1756003C02F2",
				"E4C2427710CC5ABF004149E2",
				"E4A5B60F29BAAAE400C2D356",
				"19B789C429E5AB4A0082E9B8"
			],
			"buildRules": [],
			"dependencies": [],
			"isa": "PBXNativeTarget",
			"name": "example-virtual-surround",
			"productName": "myOFApp",
			"productReference": "E4B69B5B0A3A1756003C02F2",
			"productType": "com.apple.product-type.application"
		},
		"E4B69B5B0A3A1756003C02F2": {
			"explicitFileType": "wrapper.application",
			"includeInIndex": "0",
			"isa": "PBXFileReference",
			"path": "example-virtual-surroundDebug.app",
			"sourceTree": "BUILT_PRODUCTS_DIR"
		},
		"E4B69B5F0A3A1757003C02F2": {
			"buildConfigurations": [
				"E4B69B600A3A1757003C02F2",
				"E4B69B610A3A1757003C02F2"
			],
			"defaultConfigurationIsVisible": "0",
			"defaultConfigurationName": "Release",
			"isa": "XCConfigurationList"
		},
		"E4B69B600A3A1757003C02F2": {
			"baseConfigurationReference": "E4EB6923138AFD0F00A09F29",
			"buildSettings": {
				"ARCHS": "$(ARCHS_STANDARD)",
				"COPY_PHASE_STRIP": "NO",
				"FRAMEWORK_SEARCH_PATHS": "$(inherited)",
				"GCC_DYNAMIC_NO_PIC": "NO",
				"HEADER_SEARCH_PATHS": [
					"$(OF_CORE_HEADERS)",
					"src",
					"src",
					"../../libs/steamaudio/include",
					"../../src"
				],
				"LIBRARY_SEARCH_PATHS": "$(inherited)",
				"OTHER_LDFLAGS": [
					"$(OF_CORE_LIBS)",
					"$(OF_CORE_FRAMEWORKS)",
					"$(LIB_OF_DEBUG)",
					"../../libs/steamaudio/lib/osx/libphonon.a",
					"../../libs/steamaudio/lib/osx/libmysofa.a",
					"../../libs/steamaudio/lib/osx/libpffft.a",
					"-lz"
				]
			},
			"isa": "XCBuildConfiguration",
			"name": "Debug"
		},
		"E4B69B610A3A1757003C02F2": {
			"baseConfigurationReference": "E4EB6923138AFD0F00A09F29",
			"buildSettings": {
				"ARCHS": "$(ARCHS_STANDARD)",
				"COPY_PHASE_STRIP": "YES",
				"FRAMEWORK_SEARCH_PATHS": "$(inherited)",
				"HEADER_SEARCH_PATHS": [
					"$(OF_CORE_HEADERS)",
					"src",
					"src",
					"../../libs/steamaudio/include",
					"../../src"
				],
				"LIBRARY_SEARCH_PATHS": "$(inherited)",
				"OTHER_LDFLAGS": [
					"$(OF_CORE_LIBS)",
					"$(OF_CORE_FRAMEWORKS)",
					"$(LIB_OF_RELEASE)",
					"../../libs/steamaudio/lib/osx/libphonon.a",
					"../../libs/steamaudio/lib/osx/libmysofa.a",
					"../../libs/steamaudio/lib/osx/libpffft.a",
					"-lz"
				],
				"baseConfigurationReference": "E4EB6923138AFD0F00A09F29"
			},
			"isa": "XCBuildConfiguration",
			"name": "Release"
		},
		"E4B69E1C0A3A1BDC003C02F2": {
			"children": [
				"E4B69E1D0A3A1BDC003C02F2",
				"E4B69E1E0A3A1BDC003C02F2",
				"E4B69E1F0A3A1BDC003C02F2"
			],
			"isa": "PBXGroup",
			"path": "src",
			"sourceTree": "SOURCE_ROOT"
		},
		"E4B69E1D0A3A1BDC003C02F2": {
			"fileEncoding": "4",
			"isa": "PBXFileReference",
			"lastKnownFileType": "sourcecode.cpp.cpp",
			"name": "main.cpp",
			"path": "src/main.cpp",
			"sourceTree": "SOURCE_ROOT"
		},
		"E4B69E1E0A3A1BDC003C02F2": {
			"explicitFileType": "sourcecode.cpp.cpp",
			"fileEncoding": "4",
			"isa": "PBXFileReference",
			"name": "ofApp.cpp",
			"path": "src/ofApp.cpp",
			"sourceTree": "SOURCE_ROOT"
		},
		"E4B69E1F0A3A1BDC003C02F2": {
			"fileEncoding": "4",
			"isa": "PBXFileReference",
			"lastKnownFileType": "sourcecode.c.h",
			"name": "ofApp.h",
			"path": "src/ofApp.h",
			"sourceTree": "SOURCE_ROOT"
		},
		"E4B69E200A3A1BDC003C02F2": {
			"fileRef": "E4B69E1D0A3A1BDC003C02F2",
			"isa": "PBXBuildFile"
		},
		"E4B69E210A3A1BDC003C02F2": {
			"fileRef": "E4B69E1E0A3A1BDC003C02F2",
			"isa": "PBXBuildFile"
		},
		"E4B6FCAD0C3E899E008CF71C": {
			"fileEncoding": "4",
			"isa": "PBXFileReference",
			"lastKnownFileType": "text.plist.xml",
			"path": "openFrameworks-Info.plist",
			"sourceTree": "<group>"
		},
		"E4C2427710CC5ABF004149E2": {
			"buildActionMask": "2147483647",
			"dstPath": "",
			"dstSubfolderSpec": "10",
			"files": [],
			"isa": "PBXCopyFilesBuildPhase",
			"runOnlyForDeploymentPostprocessing": "0"
		},
		"E4EB6923138AFD0F00A09F29": {
			"fileEncoding": "4",
			"isa": "PBXFileReference",
			"lastKnownFileType": "text.xcconfig",
			"path": "Project.xcconfig",
			"sourceTree": "<group>"
		},
		"E542B1DE-84A6-4EA0-B947-3A99866038B1": {
			"fileEncoding": "4",
			"isa": "PBXFileReference",
			"lastKnownFileType": "wrapper.framework",
			"name": "AudioToolbox.framework",
			"path": "System/Library/Frameworks/AudioToolbox.framework",
			"sourceTree": "SDKROOT"
		},
		"EEF693C2-96A1-4C1C-8A56-D46EA869FF1A": {
			"fileRef": "F3285BE0-E9C2-474D-B5F3-6B1EFA5AAC88",
			"isa": "PBXBuildFile"
		},
		"F3285BE0-E9C2-474D-B5F3-6B1EFA5AAC88": {
			"fileEncoding": "4",
			"isa": "PBXFileReference",
			"lastKnownFileType": "sourcecode.cpp.cpp",
			"name": "ofxSteamAudioContext.cpp",
			"sourceTree": "<group>"
		},
		"F3409CA9-5B4E-4FA1-8DE5-6D31ADDFEA80": {
			"fileEncoding": "4",
			"isa": "PBXFileReference",
			"lastKnownFileType": "sourcecode.cpp.h",
			"name": "ofxSteamAudio.h",
			"sourceTree": "<group>"
		},
		"F45D7F3F-6E88-425F-9F06-69AD2D1A7BE0": {
			"fileEncoding": "4",
			"isa": "PBXFileReference",
			"lastKnownFileType": "sourcecode.cpp.h",
			"name": "ofxSteamAudioContext.h",
			"sourceTree": "<group>"
		},
		"F5EF0299-144A-4AB9-B535-1EA7A7B25BF2": {
			"fileRef": "59000ED5-5956-467C-928C-7D284EDD28F7",
			"isa": "PBXBuildFile"
		},
		"FFAF3A87-E818-49F1-9B93-138CADBF4ADA": {
			"fileEncoding": "4",
			"isa": "PBXFileReference",
			"lastKnownFileType": "sourcecode.cpp.cpp",
			"name": "ofxSteamAudioScene.cpp",
			"sourceTree": "<group>"
		}
	},
	"rootObject": "E4B69B4C0A3A1720003C02F2"
}